
Microsoft Visual Studio Solution File, Format Version 12.00
# Visual Studio Version 17
VisualStudioVersion = 17.11.35327.3
MinimumVisualStudioVersion = 10.0.40219.1
Project("{9A19103F-16F7-4668-BE54-9A1E7A4F7556}") = "ex01", "ex01\ex01.csproj", "{39F7C859-8D06-44D5-8E74-3DECDE1BFCA0}"
EndProject
Project("{9A19103F-16F7-4668-BE54-9A1E7A4F7556}") = "ex02", "ex02\ex02.csproj", "{19CA48F3-FD1D-4798-917D-698228949CE5}"
EndProject
Project("{9A19103F-16F7-4668-BE54-9A1E7A4F7556}") = "ex03", "ex03\ex03.csproj", "{36A57800-99E2-4530-A2D8-DF8EE006D3A9}"
EndProject
Project("{9A19103F-16F7-4668-BE54-9A1E7A4F7556}") = "ex04", "ex04\ex04.csproj", "{A514A850-7BAF-4164-B9DC-A78F415C6826}"
EndProject
Project("{9A19103F-16F7-4668-BE54-9A1E7A4F7556}") = "ex05", "ex05\ex05.csproj", "{A0FDC3BB-8D45-4984-A971-2C357D95A83C}"
EndProject
Project("{9A19103F-16F7-4668-BE54-9A1E7A4F7556}") = "ex06", "ex06\ex06.csproj", "{1D7CC133-3037-4FFE-B753-99D69397F2E8}"
EndProject
Project("{9A19103F-16F7-4668-BE54-9A1E7A4F7556}") = "ex07", "ex07\ex07.csproj", "{C036F926-BBAB-4E84-8163-840E14F73C62}"
EndProject
Project("{9A19103F-16F7-4668-BE54-9A1E7A4F7556}") = "ex08", "ex08\ex08.csproj", "{77C7883D-EB85-4A1E-8869-1CBE36B6C897}"
EndProject
Project("{9A19103F-16F7-4668-BE54-9A1E7A4F7556}") = "ex09", "ex09\ex09.csproj", "{9A2E2CB5-22C4-408F-96BA-019C940188AA}"
EndProject
Project("{9A19103F-16F7-4668-BE54-9A1E7A4F7556}") = "ex10", "ex10\ex10.csproj", "{71CBE172-FB26-463A-9CF1-0ACB7B38C37C}"
EndProject
Project("{9A19103F-16F7-4668-BE54-9A1E7A4F7556}") = "ex11", "ex11\ex11.csproj", "{8CB8119F-07BB-45E4-AA58-B00F3890F3AF}"
EndProject
Project("{9A19103F-16F7-4668-BE54-9A1E7A4F7556}") = "ex12", "ex12\ex12.csproj", "{DBA965CA-14B4-4D3E-ADE7-C92BDC406F4B}"
EndProject
Project("{9A19103F-16F7-4668-BE54-9A1E7A4F7556}") = "ex13", "ex13\ex13.csproj", "{FE07F619-C4B3-4B54-8303-73A669AD7976}"
EndProject
Project("{9A19103F-16F7-4668-BE54-9A1E7A4F7556}") = "ex14", "ex14\ex14.csproj", "{0FC121FF-0F68-459C-9E06-A2A0CC3C813D}"
EndProject
Project("{9A19103F-16F7-4668-BE54-9A1E7A4F7556}") = "ex15", "ex15\ex15.csproj", "{D854EE22-5F23-4FC4-98E8-0A7B02F2A251}"
EndProject
Project("{9A19103F-16F7-4668-BE54-9A1E7A4F7556}") = "ex16", "ex16\ex16.csproj", "{507B1AC9-EFC5-40D6-99D0-852955DA4F9D}"
EndProject
Project("{9A19103F-16F7-4668-BE54-9A1E7A4F7556}") = "ex17", "ex17\ex17.csproj", "{D8B41320-286E-477F-9297-A7F52160ABE5}"
EndProject
Project("{9A19103F-16F7-4668-BE54-9A1E7A4F7556}") = "ex18", "ex18\ex18.csproj", "{254EB23C-43C0-4E4C-BB75-112B22D1EE91}"
EndProject
Project("{9A19103F-16F7-4668-BE54-9A1E7A4F7556}") = "ex19", "ex19\ex19.csproj", "{FC38086C-029F-4A33-ABFD-350C70F01B09}"
EndProject
Project("{9A19103F-16F7-4668-BE54-9A1E7A4F7556}") = "ex20", "ex20\ex20.csproj", "{61542631-0895-457B-B368-FB4AFB750953}"
EndProject
Project("{9A19103F-16F7-4668-BE54-9A1E7A4F7556}") = "ex21", "ex21\ex21.csproj", "{CBEC8546-E6FD-4925-86D7-D17A97DE2CC3}"
EndProject
Project("{9A19103F-16F7-4668-BE54-9A1E7A4F7556}") = "ex22", "ex22\ex22.csproj", "{C6D393CD-54FA-4335-A91F-D79CDC942D5D}"
EndProject
Project("{9A19103F-16F7-4668-BE54-9A1E7A4F7556}") = "23", "23\23.csproj", "{AAD73608-B1D6-475B-B5C4-B7A75F13D84A}"
EndProject
Project("{9A19103F-16F7-4668-BE54-9A1E7A4F7556}") = "ex24", "ex24\ex24.csproj", "{8737EB3F-FAA5-4918-814E-3F5EACDD63EC}"
EndProject
Project("{9A19103F-16F7-4668-BE54-9A1E7A4F7556}") = "ex25", "ex25\ex25.csproj", "{2311610A-F4A5-4FD0-BB9C-EBAB537F8D6B}"
EndProject
Project("{9A19103F-16F7-4668-BE54-9A1E7A4F7556}") = "ex26", "ex26\ex26.csproj", "{081E6132-97A5-40D6-B223-E42C929454B2}"
EndProject
Project("{9A19103F-16F7-4668-BE54-9A1E7A4F7556}") = "ex27", "ex27\ex27.csproj", "{94B14D01-945B-43FE-8A8B-0CAAFBDA7678}"
EndProject
Project("{9A19103F-16F7-4668-BE54-9A1E7A4F7556}") = "ex28", "ex28\ex28.csproj", "{F2CAA56E-5147-4E5D-A5E3-D8537A7D7530}"
EndProject
Project("{9A19103F-16F7-4668-BE54-9A1E7A4F7556}") = "ex29", "ex29\ex29.csproj", "{8B525D43-FC3E-4586-AF2D-00A96614778D}"
EndProject
Project("{FAE04EC0-301F-11D3-BF4B-00C04F79EFBC}") = "desafio", "desafio\desafio.csproj", "{9F1E0D86-2042-4F3A-BEB2-EB268E2B0A73}"
EndProject
Project("{FAE04EC0-301F-11D3-BF4B-00C04F79EFBC}") = "desafio02", "desafio02\desafio02.csproj", "{CC9A19C0-2054-47D6-9FD8-6C91116FB6A2}"
EndProject
Project("{FAE04EC0-301F-11D3-BF4B-00C04F79EFBC}") = "desafio03", "desafio03\desafio03.csproj", "{FB0BE953-3681-432F-8A4F-7187D5F0C337}"
EndProject
Project("{FAE04EC0-301F-11D3-BF4B-00C04F79EFBC}") = "desafio04", "desafio04\desafio04.csproj", "{5E9FBF93-AD57-443D-89EF-E10653EF6DA6}"
EndProject
Global
	GlobalSection(SolutionConfigurationPlatforms) = preSolution
		Debug|Any CPU = Debug|Any CPU
		Release|Any CPU = Release|Any CPU
	EndGlobalSection
	GlobalSection(ProjectConfigurationPlatforms) = postSolution
		{39F7C859-8D06-44D5-8E74-3DECDE1BFCA0}.Debug|Any CPU.ActiveCfg = Debug|Any CPU
		{39F7C859-8D06-44D5-8E74-3DECDE1BFCA0}.Debug|Any CPU.Build.0 = Debug|Any CPU
		{39F7C859-8D06-44D5-8E74-3DECDE1BFCA0}.Release|Any CPU.ActiveCfg = Release|Any CPU
		{39F7C859-8D06-44D5-8E74-3DECDE1BFCA0}.Release|Any CPU.Build.0 = Release|Any CPU
		{19CA48F3-FD1D-4798-917D-698228949CE5}.Debug|Any CPU.ActiveCfg = Debug|Any CPU
		{19CA48F3-FD1D-4798-917D-698228949CE5}.Debug|Any CPU.Build.0 = Debug|Any CPU
		{19CA48F3-FD1D-4798-917D-698228949CE5}.Release|Any CPU.ActiveCfg = Release|Any CPU
		{19CA48F3-FD1D-4798-917D-698228949CE5}.Release|Any CPU.Build.0 = Release|Any CPU
		{36A57800-99E2-4530-A2D8-DF8EE006D3A9}.Debug|Any CPU.ActiveCfg = Debug|Any CPU
		{36A57800-99E2-4530-A2D8-DF8EE006D3A9}.Debug|Any CPU.Build.0 = Debug|Any CPU
		{36A57800-99E2-4530-A2D8-DF8EE006D3A9}.Release|Any CPU.ActiveCfg = Release|Any CPU
		{36A57800-99E2-4530-A2D8-DF8EE006D3A9}.Release|Any CPU.Build.0 = Release|Any CPU
		{A514A850-7BAF-4164-B9DC-A78F415C6826}.Debug|Any CPU.ActiveCfg = Debug|Any CPU
		{A514A850-7BAF-4164-B9DC-A78F415C6826}.Debug|Any CPU.Build.0 = Debug|Any CPU
		{A514A850-7BAF-4164-B9DC-A78F415C6826}.Release|Any CPU.ActiveCfg = Release|Any CPU
		{A514A850-7BAF-4164-B9DC-A78F415C6826}.Release|Any CPU.Build.0 = Release|Any CPU
		{A0FDC3BB-8D45-4984-A971-2C357D95A83C}.Debug|Any CPU.ActiveCfg = Debug|Any CPU
		{A0FDC3BB-8D45-4984-A971-2C357D95A83C}.Debug|Any CPU.Build.0 = Debug|Any CPU
		{A0FDC3BB-8D45-4984-A971-2C357D95A83C}.Release|Any CPU.ActiveCfg = Release|Any CPU
		{A0FDC3BB-8D45-4984-A971-2C357D95A83C}.Release|Any CPU.Build.0 = Release|Any CPU
		{1D7CC133-3037-4FFE-B753-99D69397F2E8}.Debug|Any CPU.ActiveCfg = Debug|Any CPU
		{1D7CC133-3037-4FFE-B753-99D69397F2E8}.Debug|Any CPU.Build.0 = Debug|Any CPU
		{1D7CC133-3037-4FFE-B753-99D69397F2E8}.Release|Any CPU.ActiveCfg = Release|Any CPU
		{1D7CC133-3037-4FFE-B753-99D69397F2E8}.Release|Any CPU.Build.0 = Release|Any CPU
		{C036F926-BBAB-4E84-8163-840E14F73C62}.Debug|Any CPU.ActiveCfg = Debug|Any CPU
		{C036F926-BBAB-4E84-8163-840E14F73C62}.Debug|Any CPU.Build.0 = Debug|Any CPU
		{C036F926-BBAB-4E84-8163-840E14F73C62}.Release|Any CPU.ActiveCfg = Release|Any CPU
		{C036F926-BBAB-4E84-8163-840E14F73C62}.Release|Any CPU.Build.0 = Release|Any CPU
		{77C7883D-EB85-4A1E-8869-1CBE36B6C897}.Debug|Any CPU.ActiveCfg = Debug|Any CPU
		{77C7883D-EB85-4A1E-8869-1CBE36B6C897}.Debug|Any CPU.Build.0 = Debug|Any CPU
		{77C7883D-EB85-4A1E-8869-1CBE36B6C897}.Release|Any CPU.ActiveCfg = Release|Any CPU
		{77C7883D-EB85-4A1E-8869-1CBE36B6C897}.Release|Any CPU.Build.0 = Release|Any CPU
		{9A2E2CB5-22C4-408F-96BA-019C940188AA}.Debug|Any CPU.ActiveCfg = Debug|Any CPU
		{9A2E2CB5-22C4-408F-96BA-019C940188AA}.Debug|Any CPU.Build.0 = Debug|Any CPU
		{9A2E2CB5-22C4-408F-96BA-019C940188AA}.Release|Any CPU.ActiveCfg = Release|Any CPU
		{9A2E2CB5-22C4-408F-96BA-019C940188AA}.Release|Any CPU.Build.0 = Release|Any CPU
		{71CBE172-FB26-463A-9CF1-0ACB7B38C37C}.Debug|Any CPU.ActiveCfg = Debug|Any CPU
		{71CBE172-FB26-463A-9CF1-0ACB7B38C37C}.Debug|Any CPU.Build.0 = Debug|Any CPU
		{71CBE172-FB26-463A-9CF1-0ACB7B38C37C}.Release|Any CPU.ActiveCfg = Release|Any CPU
		{71CBE172-FB26-463A-9CF1-0ACB7B38C37C}.Release|Any CPU.Build.0 = Release|Any CPU
		{8CB8119F-07BB-45E4-AA58-B00F3890F3AF}.Debug|Any CPU.ActiveCfg = Debug|Any CPU
		{8CB8119F-07BB-45E4-AA58-B00F3890F3AF}.Debug|Any CPU.Build.0 = Debug|Any CPU
		{8CB8119F-07BB-45E4-AA58-B00F3890F3AF}.Release|Any CPU.ActiveCfg = Release|Any CPU
		{8CB8119F-07BB-45E4-AA58-B00F3890F3AF}.Release|Any CPU.Build.0 = Release|Any CPU
		{DBA965CA-14B4-4D3E-ADE7-C92BDC406F4B}.Debug|Any CPU.ActiveCfg = Debug|Any CPU
		{DBA965CA-14B4-4D3E-ADE7-C92BDC406F4B}.Debug|Any CPU.Build.0 = Debug|Any CPU
		{DBA965CA-14B4-4D3E-ADE7-C92BDC406F4B}.Release|Any CPU.ActiveCfg = Release|Any CPU
		{DBA965CA-14B4-4D3E-ADE7-C92BDC406F4B}.Release|Any CPU.Build.0 = Release|Any CPU
		{FE07F619-C4B3-4B54-8303-73A669AD7976}.Debug|Any CPU.ActiveCfg = Debug|Any CPU
		{FE07F619-C4B3-4B54-8303-73A669AD7976}.Debug|Any CPU.Build.0 = Debug|Any CPU
		{FE07F619-C4B3-4B54-8303-73A669AD7976}.Release|Any CPU.ActiveCfg = Release|Any CPU
		{FE07F619-C4B3-4B54-8303-73A669AD7976}.Release|Any CPU.Build.0 = Release|Any CPU
		{0FC121FF-0F68-459C-9E06-A2A0CC3C813D}.Debug|Any CPU.ActiveCfg = Debug|Any CPU
		{0FC121FF-0F68-459C-9E06-A2A0CC3C813D}.Debug|Any CPU.Build.0 = Debug|Any CPU
		{0FC121FF-0F68-459C-9E06-A2A0CC3C813D}.Release|Any CPU.ActiveCfg = Release|Any CPU
		{0FC121FF-0F68-459C-9E06-A2A0CC3C813D}.Release|Any CPU.Build.0 = Release|Any CPU
		{D854EE22-5F23-4FC4-98E8-0A7B02F2A251}.Debug|Any CPU.ActiveCfg = Debug|Any CPU
		{D854EE22-5F23-4FC4-98E8-0A7B02F2A251}.Debug|Any CPU.Build.0 = Debug|Any CPU
		{D854EE22-5F23-4FC4-98E8-0A7B02F2A251}.Release|Any CPU.ActiveCfg = Release|Any CPU
		{D854EE22-5F23-4FC4-98E8-0A7B02F2A251}.Release|Any CPU.Build.0 = Release|Any CPU
		{507B1AC9-EFC5-40D6-99D0-852955DA4F9D}.Debug|Any CPU.ActiveCfg = Debug|Any CPU
		{507B1AC9-EFC5-40D6-99D0-852955DA4F9D}.Debug|Any CPU.Build.0 = Debug|Any CPU
		{507B1AC9-EFC5-40D6-99D0-852955DA4F9D}.Release|Any CPU.ActiveCfg = Release|Any CPU
		{507B1AC9-EFC5-40D6-99D0-852955DA4F9D}.Release|Any CPU.Build.0 = Release|Any CPU
		{D8B41320-286E-477F-9297-A7F52160ABE5}.Debug|Any CPU.ActiveCfg = Debug|Any CPU
		{D8B41320-286E-477F-9297-A7F52160ABE5}.Debug|Any CPU.Build.0 = Debug|Any CPU
		{D8B41320-286E-477F-9297-A7F52160ABE5}.Release|Any CPU.ActiveCfg = Release|Any CPU
		{D8B41320-286E-477F-9297-A7F52160ABE5}.Release|Any CPU.Build.0 = Release|Any CPU
		{254EB23C-43C0-4E4C-BB75-112B22D1EE91}.Debug|Any CPU.ActiveCfg = Debug|Any CPU
		{254EB23C-43C0-4E4C-BB75-112B22D1EE91}.Debug|Any CPU.Build.0 = Debug|Any CPU
		{254EB23C-43C0-4E4C-BB75-112B22D1EE91}.Release|Any CPU.ActiveCfg = Release|Any CPU
		{254EB23C-43C0-4E4C-BB75-112B22D1EE91}.Release|Any CPU.Build.0 = Release|Any CPU
		{FC38086C-029F-4A33-ABFD-350C70F01B09}.Debug|Any CPU.ActiveCfg = Debug|Any CPU
		{FC38086C-029F-4A33-ABFD-350C70F01B09}.Debug|Any CPU.Build.0 = Debug|Any CPU
		{FC38086C-029F-4A33-ABFD-350C70F01B09}.Release|Any CPU.ActiveCfg = Release|Any CPU
		{FC38086C-029F-4A33-ABFD-350C70F01B09}.Release|Any CPU.Build.0 = Release|Any CPU
		{61542631-0895-457B-B368-FB4AFB750953}.Debug|Any CPU.ActiveCfg = Debug|Any CPU
		{61542631-0895-457B-B368-FB4AFB750953}.Debug|Any CPU.Build.0 = Debug|Any CPU
		{61542631-0895-457B-B368-FB4AFB750953}.Release|Any CPU.ActiveCfg = Release|Any CPU
		{61542631-0895-457B-B368-FB4AFB750953}.Release|Any CPU.Build.0 = Release|Any CPU
		{CBEC8546-E6FD-4925-86D7-D17A97DE2CC3}.Debug|Any CPU.ActiveCfg = Debug|Any CPU
		{CBEC8546-E6FD-4925-86D7-D17A97DE2CC3}.Debug|Any CPU.Build.0 = Debug|Any CPU
		{CBEC8546-E6FD-4925-86D7-D17A97DE2CC3}.Release|Any CPU.ActiveCfg = Release|Any CPU
		{CBEC8546-E6FD-4925-86D7-D17A97DE2CC3}.Release|Any CPU.Build.0 = Release|Any CPU
		{C6D393CD-54FA-4335-A91F-D79CDC942D5D}.Debug|Any CPU.ActiveCfg = Debug|Any CPU
		{C6D393CD-54FA-4335-A91F-D79CDC942D5D}.Debug|Any CPU.Build.0 = Debug|Any CPU
		{C6D393CD-54FA-4335-A91F-D79CDC942D5D}.Release|Any CPU.ActiveCfg = Release|Any CPU
		{C6D393CD-54FA-4335-A91F-D79CDC942D5D}.Release|Any CPU.Build.0 = Release|Any CPU
		{AAD73608-B1D6-475B-B5C4-B7A75F13D84A}.Debug|Any CPU.ActiveCfg = Debug|Any CPU
		{AAD73608-B1D6-475B-B5C4-B7A75F13D84A}.Debug|Any CPU.Build.0 = Debug|Any CPU
		{AAD73608-B1D6-475B-B5C4-B7A75F13D84A}.Release|Any CPU.ActiveCfg = Release|Any CPU
		{AAD73608-B1D6-475B-B5C4-B7A75F13D84A}.Release|Any CPU.Build.0 = Release|Any CPU
		{8737EB3F-FAA5-4918-814E-3F5EACDD63EC}.Debug|Any CPU.ActiveCfg = Debug|Any CPU
		{8737EB3F-FAA5-4918-814E-3F5EACDD63EC}.Debug|Any CPU.Build.0 = Debug|Any CPU
		{8737EB3F-FAA5-4918-814E-3F5EACDD63EC}.Release|Any CPU.ActiveCfg = Release|Any CPU
		{8737EB3F-FAA5-4918-814E-3F5EACDD63EC}.Release|Any CPU.Build.0 = Release|Any CPU
		{2311610A-F4A5-4FD0-BB9C-EBAB537F8D6B}.Debug|Any CPU.ActiveCfg = Debug|Any CPU
		{2311610A-F4A5-4FD0-BB9C-EBAB537F8D6B}.Debug|Any CPU.Build.0 = Debug|Any CPU
		{2311610A-F4A5-4FD0-BB9C-EBAB537F8D6B}.Release|Any CPU.ActiveCfg = Release|Any CPU
		{2311610A-F4A5-4FD0-BB9C-EBAB537F8D6B}.Release|Any CPU.Build.0 = Release|Any CPU
		{081E6132-97A5-40D6-B223-E42C929454B2}.Debug|Any CPU.ActiveCfg = Debug|Any CPU
		{081E6132-97A5-40D6-B223-E42C929454B2}.Debug|Any CPU.Build.0 = Debug|Any CPU
		{081E6132-97A5-40D6-B223-E42C929454B2}.Release|Any CPU.ActiveCfg = Release|Any CPU
		{081E6132-97A5-40D6-B223-E42C929454B2}.Release|Any CPU.Build.0 = Release|Any CPU
		{94B14D01-945B-43FE-8A8B-0CAAFBDA7678}.Debug|Any CPU.ActiveCfg = Debug|Any CPU
		{94B14D01-945B-43FE-8A8B-0CAAFBDA7678}.Debug|Any CPU.Build.0 = Debug|Any CPU
		{94B14D01-945B-43FE-8A8B-0CAAFBDA7678}.Release|Any CPU.ActiveCfg = Release|Any CPU
		{94B14D01-945B-43FE-8A8B-0CAAFBDA7678}.Release|Any CPU.Build.0 = Release|Any CPU
		{F2CAA56E-5147-4E5D-A5E3-D8537A7D7530}.Debug|Any CPU.ActiveCfg = Debug|Any CPU
		{F2CAA56E-5147-4E5D-A5E3-D8537A7D7530}.Debug|Any CPU.Build.0 = Debug|Any CPU
		{F2CAA56E-5147-4E5D-A5E3-D8537A7D7530}.Release|Any CPU.ActiveCfg = Release|Any CPU
		{F2CAA56E-5147-4E5D-A5E3-D8537A7D7530}.Release|Any CPU.Build.0 = Release|Any CPU
		{8B525D43-FC3E-4586-AF2D-00A96614778D}.Debug|Any CPU.ActiveCfg = Debug|Any CPU
		{8B525D43-FC3E-4586-AF2D-00A96614778D}.Debug|Any CPU.Build.0 = Debug|Any CPU
		{8B525D43-FC3E-4586-AF2D-00A96614778D}.Release|Any CPU.ActiveCfg = Release|Any CPU
		{8B525D43-FC3E-4586-AF2D-00A96614778D}.Release|Any CPU.Build.0 = Release|Any CPU
		{9F1E0D86-2042-4F3A-BEB2-EB268E2B0A73}.Debug|Any CPU.ActiveCfg = Debug|Any CPU
		{9F1E0D86-2042-4F3A-BEB2-EB268E2B0A73}.Debug|Any CPU.Build.0 = Debug|Any CPU
		{9F1E0D86-2042-4F3A-BEB2-EB268E2B0A73}.Release|Any CPU.ActiveCfg = Release|Any CPU
		{9F1E0D86-2042-4F3A-BEB2-EB268E2B0A73}.Release|Any CPU.Build.0 = Release|Any CPU
		{CC9A19C0-2054-47D6-9FD8-6C91116FB6A2}.Debug|Any CPU.ActiveCfg = Debug|Any CPU
		{CC9A19C0-2054-47D6-9FD8-6C91116FB6A2}.Debug|Any CPU.Build.0 = Debug|Any CPU
		{CC9A19C0-2054-47D6-9FD8-6C91116FB6A2}.Release|Any CPU.ActiveCfg = Release|Any CPU
		{CC9A19C0-2054-47D6-9FD8-6C91116FB6A2}.Release|Any CPU.Build.0 = Release|Any CPU
		{FB0BE953-3681-432F-8A4F-7187D5F0C337}.Debug|Any CPU.ActiveCfg = Debug|Any CPU
		{FB0BE953-3681-432F-8A4F-7187D5F0C337}.Debug|Any CPU.Build.0 = Debug|Any CPU
		{FB0BE953-3681-432F-8A4F-7187D5F0C337}.Release|Any CPU.ActiveCfg = Release|Any CPU
		{FB0BE953-3681-432F-8A4F-7187D5F0C337}.Release|Any CPU.Build.0 = Release|Any CPU
		{5E9FBF93-AD57-443D-89EF-E10653EF6DA6}.Debug|Any CPU.ActiveCfg = Debug|Any CPU
		{5E9FBF93-AD57-443D-89EF-E10653EF6DA6}.Debug|Any CPU.Build.0 = Debug|Any CPU
		{5E9FBF93-AD57-443D-89EF-E10653EF6DA6}.Release|Any CPU.ActiveCfg = Release|Any CPU
		{5E9FBF93-AD57-443D-89EF-E10653EF6DA6}.Release|Any CPU.Build.0 = Release|Any CPU
	EndGlobalSection
	GlobalSection(SolutionProperties) = preSolution
		HideSolutionNode = FALSE
	EndGlobalSection
	GlobalSection(ExtensibilityGlobals) = postSolution
		SolutionGuid = {FBC9028B-F5EC-4665-8ADC-5DF7463D0936}
	EndGlobalSection
EndGlobal
